{
  "name": "openeyes-voipevent",
  "version": "0.0.1",
  "lockfileVersion": 1,
  "requires": true,
  "dependencies": {
    "nan": {
      "version": "2.11.1",
      "resolved": "https://registry.npmjs.org/nan/-/nan-2.11.1.tgz",
      "integrity": "sha512-iji6k87OSXa0CcrLl9z+ZiYSuR2o+c0bGuNmXdrhTQTakxytAFsC56SArGYoiHlJlFoHSnvmhpceZJaXkVuOtA=="
    },
    "posix-mq": {
      "version": "1.1.2",
      "resolved": "https://registry.npmjs.org/posix-mq/-/posix-mq-1.1.2.tgz",
      "integrity": "sha512-0AccDgLfaU0GvafMQbIZM6XkWBE9HQzesjxkfhxyNvFWYeV7N7YyPl5Etqs022j6rRln+6FityNTnEVJBc5guw==",
      "requires": {
        "nan": "2.11.1"
      }
    }
  }
}
